
Microsoft Visual Studio Solution File, Format Version 12.00
# Visual Studio 15
VisualStudioVersion = 15.0.26124.0
MinimumVisualStudioVersion = 15.0.26124.0
Project("{FAE04EC0-301F-11D3-BF4B-00C04F79EFBC}") = "SlidingCacheAop", "SlidingCacheAop\SlidingCacheAop.csproj", "{384AB394-4DF3-4E74-B8C6-61D0ABDE7158}"
EndProject
Project("{FAE04EC0-301F-11D3-BF4B-00C04F79EFBC}") = "SlidingCacheAop.Tests", "SlidingCacheAop.Tests\SlidingCacheAop.Tests.csproj", "{7062FB68-414F-4616-B3A1-F1A2AB619296}"
EndProject
Global
	GlobalSection(SolutionProperties) = preSolution
		HideSolutionNode = FALSE
	EndGlobalSection
	GlobalSection(SolutionConfigurationPlatforms) = preSolution
		Debug|Any CPU = Debug|Any CPU
		Debug|x64 = Debug|x64
		Debug|x86 = Debug|x86
		Release|Any CPU = Release|Any CPU
		Release|x64 = Release|x64
		Release|x86 = Release|x86
	EndGlobalSection
	GlobalSection(ProjectConfigurationPlatforms) = postSolution
		{384AB394-4DF3-4E74-B8C6-61D0ABDE7158}.Debug|Any CPU.ActiveCfg = Debug|Any CPU
		{384AB394-4DF3-4E74-B8C6-61D0ABDE7158}.Debug|Any CPU.Build.0 = Debug|Any CPU
		{384AB394-4DF3-4E74-B8C6-61D0ABDE7158}.Debug|x64.ActiveCfg = Debug|x64
		{384AB394-4DF3-4E74-B8C6-61D0ABDE7158}.Debug|x64.Build.0 = Debug|x64
		{384AB394-4DF3-4E74-B8C6-61D0ABDE7158}.Debug|x86.ActiveCfg = Debug|x86
		{384AB394-4DF3-4E74-B8C6-61D0ABDE7158}.Debug|x86.Build.0 = Debug|x86
		{384AB394-4DF3-4E74-B8C6-61D0ABDE7158}.Release|Any CPU.ActiveCfg = Release|Any CPU
		{384AB394-4DF3-4E74-B8C6-61D0ABDE7158}.Release|Any CPU.Build.0 = Release|Any CPU
		{384AB394-4DF3-4E74-B8C6-61D0ABDE7158}.Release|x64.ActiveCfg = Release|x64
		{384AB394-4DF3-4E74-B8C6-61D0ABDE7158}.Release|x64.Build.0 = Release|x64
		{384AB394-4DF3-4E74-B8C6-61D0ABDE7158}.Release|x86.ActiveCfg = Release|x86
		{384AB394-4DF3-4E74-B8C6-61D0ABDE7158}.Release|x86.Build.0 = Release|x86
		{7062FB68-414F-4616-B3A1-F1A2AB619296}.Debug|Any CPU.ActiveCfg = Debug|Any CPU
		{7062FB68-414F-4616-B3A1-F1A2AB619296}.Debug|Any CPU.Build.0 = Debug|Any CPU
		{7062FB68-414F-4616-B3A1-F1A2AB619296}.Debug|x64.ActiveCfg = Debug|x64
		{7062FB68-414F-4616-B3A1-F1A2AB619296}.Debug|x64.Build.0 = Debug|x64
		{7062FB68-414F-4616-B3A1-F1A2AB619296}.Debug|x86.ActiveCfg = Debug|x86
		{7062FB68-414F-4616-B3A1-F1A2AB619296}.Debug|x86.Build.0 = Debug|x86
		{7062FB68-414F-4616-B3A1-F1A2AB619296}.Release|Any CPU.ActiveCfg = Release|Any CPU
		{7062FB68-414F-4616-B3A1-F1A2AB619296}.Release|Any CPU.Build.0 = Release|Any CPU
		{7062FB68-414F-4616-B3A1-F1A2AB619296}.Release|x64.ActiveCfg = Release|x64
		{7062FB68-414F-4616-B3A1-F1A2AB619296}.Release|x64.Build.0 = Release|x64
		{7062FB68-414F-4616-B3A1-F1A2AB619296}.Release|x86.ActiveCfg = Release|x86
		{7062FB68-414F-4616-B3A1-F1A2AB619296}.Release|x86.Build.0 = Release|x86
	EndGlobalSection
EndGlobal
